
Microsoft Visual Studio Solution File, Format Version 12.00
# Visual Studio Version 17
VisualStudioVersion = 17.14.36915.13 d17.14
MinimumVisualStudioVersion = 10.0.40219.1
Project("{FAE04EC0-301F-11D3-BF4B-00C04F79EFBC}") = "G-NET-26-Linq-01", "G-NET-26-Linq-01\G-NET-26-Linq-01.csproj", "{83AA216A-F2A2-45F2-B812-5EE8091CE721}"
EndProject
Global
	GlobalSection(SolutionConfigurationPlatforms) = preSolution
		Debug|Any CPU = Debug|Any CPU
		Release|Any CPU = Release|Any CPU
	EndGlobalSection
	GlobalSection(ProjectConfigurationPlatforms) = postSolution
		{83AA216A-F2A2-45F2-B812-5EE8091CE721}.Debug|Any CPU.ActiveCfg = Debug|Any CPU
		{83AA216A-F2A2-45F2-B812-5EE8091CE721}.Debug|Any CPU.Build.0 = Debug|Any CPU
		{83AA216A-F2A2-45F2-B812-5EE8091CE721}.Release|Any CPU.ActiveCfg = Release|Any CPU
		{83AA216A-F2A2-45F2-B812-5EE8091CE721}.Release|Any CPU.Build.0 = Release|Any CPU
	EndGlobalSection
	GlobalSection(SolutionProperties) = preSolution
		HideSolutionNode = FALSE
	EndGlobalSection
	GlobalSection(ExtensibilityGlobals) = postSolution
		SolutionGuid = {E880B413-1A49-47F0-807A-8F3E2DA905BA}
	EndGlobalSection
EndGlobal
